
Microsoft Visual Studio Solution File, Format Version 12.00
# Visual Studio Version 17
VisualStudioVersion = 17.0.31815.197
MinimumVisualStudioVersion = 10.0.40219.1
Project("{FAE04EC0-301F-11D3-BF4B-00C04F79EFBC}") = "CitroDigital.GoogleReCaptchaV3.K13.Net5", "CitroDigital.GoogleReCaptchaV3.K13\CitroDigital.GoogleReCaptchaV3.K13.Net5.csproj", "{63D455B1-AA9F-40D1-B539-CFF9FE60715C}"
EndProject
Global
	GlobalSection(SolutionConfigurationPlatforms) = preSolution
		Debug|Any CPU = Debug|Any CPU
		Release|Any CPU = Release|Any CPU
	EndGlobalSection
	GlobalSection(ProjectConfigurationPlatforms) = postSolution
		{63D455B1-AA9F-40D1-B539-CFF9FE60715C}.Debug|Any CPU.ActiveCfg = Debug|Any CPU
		{63D455B1-AA9F-40D1-B539-CFF9FE60715C}.Debug|Any CPU.Build.0 = Debug|Any CPU
		{63D455B1-AA9F-40D1-B539-CFF9FE60715C}.Release|Any CPU.ActiveCfg = Release|Any CPU
		{63D455B1-AA9F-40D1-B539-CFF9FE60715C}.Release|Any CPU.Build.0 = Release|Any CPU
	EndGlobalSection
	GlobalSection(SolutionProperties) = preSolution
		HideSolutionNode = FALSE
	EndGlobalSection
	GlobalSection(ExtensibilityGlobals) = postSolution
		SolutionGuid = {936C2794-3424-472E-A005-A16143A0B9B6}
	EndGlobalSection
EndGlobal
